
Microsoft Visual Studio Solution File, Format Version 12.00
# Visual Studio Version 16
VisualStudioVersion = 16.0.29709.97
MinimumVisualStudioVersion = 10.0.40219.1
Project("{FAE04EC0-301F-11D3-BF4B-00C04F79EFBC}") = "01_Delegate", "01_Delegate\01_Delegate.csproj", "{CA0AD715-5E35-41B6-B7C3-45E8687712C9}"
EndProject
Global
	GlobalSection(SolutionConfigurationPlatforms) = preSolution
		Debug|Any CPU = Debug|Any CPU
		Release|Any CPU = Release|Any CPU
	EndGlobalSection
	GlobalSection(ProjectConfigurationPlatforms) = postSolution
		{CA0AD715-5E35-41B6-B7C3-45E8687712C9}.Debug|Any CPU.ActiveCfg = Debug|Any CPU
		{CA0AD715-5E35-41B6-B7C3-45E8687712C9}.Debug|Any CPU.Build.0 = Debug|Any CPU
		{CA0AD715-5E35-41B6-B7C3-45E8687712C9}.Release|Any CPU.ActiveCfg = Release|Any CPU
		{CA0AD715-5E35-41B6-B7C3-45E8687712C9}.Release|Any CPU.Build.0 = Release|Any CPU
	EndGlobalSection
	GlobalSection(SolutionProperties) = preSolution
		HideSolutionNode = FALSE
	EndGlobalSection
	GlobalSection(ExtensibilityGlobals) = postSolution
		SolutionGuid = {8278A357-B472-437C-88C2-13217846DAD6}
	EndGlobalSection
EndGlobal
