
Microsoft Visual Studio Solution File, Format Version 12.00
# Visual Studio Version 16
VisualStudioVersion = 16.0.29806.167
MinimumVisualStudioVersion = 10.0.40219.1
Project("{FAE04EC0-301F-11D3-BF4B-00C04F79EFBC}") = "46_Atributos", "46_Atributos\46_Atributos.csproj", "{94FC463A-1149-43EA-BA53-4E5898496234}"
EndProject
Global
	GlobalSection(SolutionConfigurationPlatforms) = preSolution
		Debug|Any CPU = Debug|Any CPU
		Release|Any CPU = Release|Any CPU
	EndGlobalSection
	GlobalSection(ProjectConfigurationPlatforms) = postSolution
		{94FC463A-1149-43EA-BA53-4E5898496234}.Debug|Any CPU.ActiveCfg = Debug|Any CPU
		{94FC463A-1149-43EA-BA53-4E5898496234}.Debug|Any CPU.Build.0 = Debug|Any CPU
		{94FC463A-1149-43EA-BA53-4E5898496234}.Release|Any CPU.ActiveCfg = Release|Any CPU
		{94FC463A-1149-43EA-BA53-4E5898496234}.Release|Any CPU.Build.0 = Release|Any CPU
	EndGlobalSection
	GlobalSection(SolutionProperties) = preSolution
		HideSolutionNode = FALSE
	EndGlobalSection
	GlobalSection(ExtensibilityGlobals) = postSolution
		SolutionGuid = {1C6117A7-4B10-416F-A23F-2F1A2D232A40}
	EndGlobalSection
EndGlobal
