
Microsoft Visual Studio Solution File, Format Version 12.00
# Visual Studio Version 16
VisualStudioVersion = 16.0.29728.190
MinimumVisualStudioVersion = 10.0.40219.1
Project("{FAE04EC0-301F-11D3-BF4B-00C04F79EFBC}") = "01_thread", "01_thread\01_thread.csproj", "{70BA8948-C6AC-4F19-8BBC-7CB98C66D196}"
EndProject
Global
	GlobalSection(SolutionConfigurationPlatforms) = preSolution
		Debug|Any CPU = Debug|Any CPU
		Release|Any CPU = Release|Any CPU
	EndGlobalSection
	GlobalSection(ProjectConfigurationPlatforms) = postSolution
		{70BA8948-C6AC-4F19-8BBC-7CB98C66D196}.Debug|Any CPU.ActiveCfg = Debug|Any CPU
		{70BA8948-C6AC-4F19-8BBC-7CB98C66D196}.Debug|Any CPU.Build.0 = Debug|Any CPU
		{70BA8948-C6AC-4F19-8BBC-7CB98C66D196}.Release|Any CPU.ActiveCfg = Release|Any CPU
		{70BA8948-C6AC-4F19-8BBC-7CB98C66D196}.Release|Any CPU.Build.0 = Release|Any CPU
	EndGlobalSection
	GlobalSection(SolutionProperties) = preSolution
		HideSolutionNode = FALSE
	EndGlobalSection
	GlobalSection(ExtensibilityGlobals) = postSolution
		SolutionGuid = {A84CB112-A141-4979-9390-F7445F90A577}
	EndGlobalSection
EndGlobal
