
Microsoft Visual Studio Solution File, Format Version 12.00
# Visual Studio Version 16
VisualStudioVersion = 16.0.29728.190
MinimumVisualStudioVersion = 10.0.40219.1
Project("{FAE04EC0-301F-11D3-BF4B-00C04F79EFBC}") = "01_thread", "01_thread\01_thread.csproj", "{3F51C858-94EE-4F8F-A334-02C974CE819C}"
EndProject
Global
	GlobalSection(SolutionConfigurationPlatforms) = preSolution
		Debug|Any CPU = Debug|Any CPU
		Release|Any CPU = Release|Any CPU
	EndGlobalSection
	GlobalSection(ProjectConfigurationPlatforms) = postSolution
		{3F51C858-94EE-4F8F-A334-02C974CE819C}.Debug|Any CPU.ActiveCfg = Debug|Any CPU
		{3F51C858-94EE-4F8F-A334-02C974CE819C}.Debug|Any CPU.Build.0 = Debug|Any CPU
		{3F51C858-94EE-4F8F-A334-02C974CE819C}.Release|Any CPU.ActiveCfg = Release|Any CPU
		{3F51C858-94EE-4F8F-A334-02C974CE819C}.Release|Any CPU.Build.0 = Release|Any CPU
	EndGlobalSection
	GlobalSection(SolutionProperties) = preSolution
		HideSolutionNode = FALSE
	EndGlobalSection
	GlobalSection(ExtensibilityGlobals) = postSolution
		SolutionGuid = {BA7B4F97-3CEC-4E09-BA8F-797B43DFB01D}
	EndGlobalSection
EndGlobal
