
Microsoft Visual Studio Solution File, Format Version 12.00
# Visual Studio Version 16
VisualStudioVersion = 16.0.29709.97
MinimumVisualStudioVersion = 10.0.40219.1
Project("{FAE04EC0-301F-11D3-BF4B-00C04F79EFBC}") = "varDinamic", "varDinamic\varDinamic.csproj", "{22F5A08A-2193-4970-AD9D-0FF7FAD3FB0C}"
EndProject
Global
	GlobalSection(SolutionConfigurationPlatforms) = preSolution
		Debug|Any CPU = Debug|Any CPU
		Release|Any CPU = Release|Any CPU
	EndGlobalSection
	GlobalSection(ProjectConfigurationPlatforms) = postSolution
		{22F5A08A-2193-4970-AD9D-0FF7FAD3FB0C}.Debug|Any CPU.ActiveCfg = Debug|Any CPU
		{22F5A08A-2193-4970-AD9D-0FF7FAD3FB0C}.Debug|Any CPU.Build.0 = Debug|Any CPU
		{22F5A08A-2193-4970-AD9D-0FF7FAD3FB0C}.Release|Any CPU.ActiveCfg = Release|Any CPU
		{22F5A08A-2193-4970-AD9D-0FF7FAD3FB0C}.Release|Any CPU.Build.0 = Release|Any CPU
	EndGlobalSection
	GlobalSection(SolutionProperties) = preSolution
		HideSolutionNode = FALSE
	EndGlobalSection
	GlobalSection(ExtensibilityGlobals) = postSolution
		SolutionGuid = {B6EB8F05-1981-45B7-81EA-C38DAB058920}
	EndGlobalSection
EndGlobal
