
Microsoft Visual Studio Solution File, Format Version 12.00
# Visual Studio Version 16
VisualStudioVersion = 16.0.29806.167
MinimumVisualStudioVersion = 10.0.40219.1
Project("{FAE04EC0-301F-11D3-BF4B-00C04F79EFBC}") = "01_thread", "01_thread\01_thread.csproj", "{112A0A0B-ED78-4C60-85F3-5245C062CC67}"
EndProject
Global
	GlobalSection(SolutionConfigurationPlatforms) = preSolution
		Debug|Any CPU = Debug|Any CPU
		Release|Any CPU = Release|Any CPU
	EndGlobalSection
	GlobalSection(ProjectConfigurationPlatforms) = postSolution
		{112A0A0B-ED78-4C60-85F3-5245C062CC67}.Debug|Any CPU.ActiveCfg = Debug|Any CPU
		{112A0A0B-ED78-4C60-85F3-5245C062CC67}.Debug|Any CPU.Build.0 = Debug|Any CPU
		{112A0A0B-ED78-4C60-85F3-5245C062CC67}.Release|Any CPU.ActiveCfg = Release|Any CPU
		{112A0A0B-ED78-4C60-85F3-5245C062CC67}.Release|Any CPU.Build.0 = Release|Any CPU
	EndGlobalSection
	GlobalSection(SolutionProperties) = preSolution
		HideSolutionNode = FALSE
	EndGlobalSection
	GlobalSection(ExtensibilityGlobals) = postSolution
		SolutionGuid = {9673BF16-DF8F-4C4D-BAB6-A82F70E466FE}
	EndGlobalSection
EndGlobal
