
Microsoft Visual Studio Solution File, Format Version 12.00
# Visual Studio Version 16
VisualStudioVersion = 16.0.29806.167
MinimumVisualStudioVersion = 10.0.40219.1
Project("{FAE04EC0-301F-11D3-BF4B-00C04F79EFBC}") = "49_reflection", "49_reflection\49_reflection.csproj", "{4DF0B6DD-046B-41BE-AFD6-C6FD1EC53D03}"
EndProject
Global
	GlobalSection(SolutionConfigurationPlatforms) = preSolution
		Debug|Any CPU = Debug|Any CPU
		Release|Any CPU = Release|Any CPU
	EndGlobalSection
	GlobalSection(ProjectConfigurationPlatforms) = postSolution
		{4DF0B6DD-046B-41BE-AFD6-C6FD1EC53D03}.Debug|Any CPU.ActiveCfg = Debug|Any CPU
		{4DF0B6DD-046B-41BE-AFD6-C6FD1EC53D03}.Debug|Any CPU.Build.0 = Debug|Any CPU
		{4DF0B6DD-046B-41BE-AFD6-C6FD1EC53D03}.Release|Any CPU.ActiveCfg = Release|Any CPU
		{4DF0B6DD-046B-41BE-AFD6-C6FD1EC53D03}.Release|Any CPU.Build.0 = Release|Any CPU
	EndGlobalSection
	GlobalSection(SolutionProperties) = preSolution
		HideSolutionNode = FALSE
	EndGlobalSection
	GlobalSection(ExtensibilityGlobals) = postSolution
		SolutionGuid = {3433521F-6371-4564-A09E-350BC4E0511E}
	EndGlobalSection
EndGlobal
